
Microsoft Visual Studio Solution File, Format Version 12.00
# Visual Studio Version 17
VisualStudioVersion = 17.0.31903.59
MinimumVisualStudioVersion = 10.0.40219.1
Project("{FAE04EC0-301F-11D3-BF4B-00C04F79EFBC}") = "API", "API\API.csproj", "{2D28B7DC-B845-4A75-830F-EBBE8D86AEDA}"
EndProject
Project("{FAE04EC0-301F-11D3-BF4B-00C04F79EFBC}") = "Application", "Application\Application.csproj", "{22DAE48A-1B0F-4E62-98B9-864905DF34A1}"
EndProject
Project("{FAE04EC0-301F-11D3-BF4B-00C04F79EFBC}") = "Domain", "Domain\Domain.csproj", "{BB109AF0-7C79-4D74-82F0-83C491DB67EF}"
EndProject
Project("{FAE04EC0-301F-11D3-BF4B-00C04F79EFBC}") = "Persistence", "Persistence\Persistence.csproj", "{ED5B78F7-C8D8-4758-987D-4FD5BADF06B0}"
EndProject
Global
	GlobalSection(SolutionConfigurationPlatforms) = preSolution
		Debug|Any CPU = Debug|Any CPU
		Release|Any CPU = Release|Any CPU
	EndGlobalSection
	GlobalSection(SolutionProperties) = preSolution
		HideSolutionNode = FALSE
	EndGlobalSection
	GlobalSection(ProjectConfigurationPlatforms) = postSolution
		{2D28B7DC-B845-4A75-830F-EBBE8D86AEDA}.Debug|Any CPU.ActiveCfg = Debug|Any CPU
		{2D28B7DC-B845-4A75-830F-EBBE8D86AEDA}.Debug|Any CPU.Build.0 = Debug|Any CPU
		{2D28B7DC-B845-4A75-830F-EBBE8D86AEDA}.Release|Any CPU.ActiveCfg = Release|Any CPU
		{2D28B7DC-B845-4A75-830F-EBBE8D86AEDA}.Release|Any CPU.Build.0 = Release|Any CPU
		{22DAE48A-1B0F-4E62-98B9-864905DF34A1}.Debug|Any CPU.ActiveCfg = Debug|Any CPU
		{22DAE48A-1B0F-4E62-98B9-864905DF34A1}.Debug|Any CPU.Build.0 = Debug|Any CPU
		{22DAE48A-1B0F-4E62-98B9-864905DF34A1}.Release|Any CPU.ActiveCfg = Release|Any CPU
		{22DAE48A-1B0F-4E62-98B9-864905DF34A1}.Release|Any CPU.Build.0 = Release|Any CPU
		{BB109AF0-7C79-4D74-82F0-83C491DB67EF}.Debug|Any CPU.ActiveCfg = Debug|Any CPU
		{BB109AF0-7C79-4D74-82F0-83C491DB67EF}.Debug|Any CPU.Build.0 = Debug|Any CPU
		{BB109AF0-7C79-4D74-82F0-83C491DB67EF}.Release|Any CPU.ActiveCfg = Release|Any CPU
		{BB109AF0-7C79-4D74-82F0-83C491DB67EF}.Release|Any CPU.Build.0 = Release|Any CPU
		{ED5B78F7-C8D8-4758-987D-4FD5BADF06B0}.Debug|Any CPU.ActiveCfg = Debug|Any CPU
		{ED5B78F7-C8D8-4758-987D-4FD5BADF06B0}.Debug|Any CPU.Build.0 = Debug|Any CPU
		{ED5B78F7-C8D8-4758-987D-4FD5BADF06B0}.Release|Any CPU.ActiveCfg = Release|Any CPU
		{ED5B78F7-C8D8-4758-987D-4FD5BADF06B0}.Release|Any CPU.Build.0 = Release|Any CPU
	EndGlobalSection
EndGlobal
